<?xml version="1.0" encoding="utf-8"?>
<Project ToolsVersion="4.0" xmlns="http://schemas.microsoft.com/developer/msbuild/2003">
  <ItemGroup>
    <Filter Include="Assets">
      <UniqueIdentifier>3f2661a3-7a77-404f-8f9e-80d732f3ad7b</UniqueIdentifier>
      <Extensions>bmp;fbx;gif;jpg;jpeg;tga;tiff;tif;png</Extensions>
    </Filter>
    <Filter Include="Models">
      <UniqueIdentifier>{5b5c6e54-91dc-4f33-ae43-8da76a7d1514}</UniqueIdentifier>
    </Filter>
    <Filter Include="Utilities">
      <UniqueIdentifier>{378424a7-df8d-432e-bd00-d3a733f451de}</UniqueIdentifier>
    </Filter>
    <Filter Include="Sample">
      <UniqueIdentifier>{78fc4ee4-0a5d-4778-b8fe-ff35b0e20ed6}</UniqueIdentifier>
    </Filter>
    <Filter Include="Importers">
      <UniqueIdentifier>{643530bd-d1fe-4a7e-84df-e2e2757966e6}</UniqueIdentifier>
    </Filter>
    <Filter Include="Rendering">
      <UniqueIdentifier>{fd52cbe8-7ab5-40e2-afb9-8e262c26838a}</UniqueIdentifier>
    </Filter>
    <Filter Include="Rendering\Models">
      <UniqueIdentifier>{c6d9a521-cdd5-48de-a06c-992d9856a348}</UniqueIdentifier>
    </Filter>
    <Filter Include="Rendering\Shaders">
      <UniqueIdentifier>{4b247e85-7624-4039-a597-73405b8a5098}</UniqueIdentifier>
    </Filter>
    <Filter Include="Types">
      <UniqueIdentifier>{9d419d0a-2b73-4cde-a66f-8185d2d758d1}</UniqueIdentifier>
    </Filter>
    <Filter Include="Models\GUI">
      <UniqueIdentifier>{dc6c692e-71a5-4949-9815-8400b4a6bb5c}</UniqueIdentifier>
    </Filter>
    <Filter Include="Models\Shaders">
      <UniqueIdentifier>{14d742ce-a9ae-4193-84e2-0abcb808982b}</UniqueIdentifier>
    </Filter>
    <Filter Include="Resources">
      <UniqueIdentifier>{80dbf725-9599-4f7f-b50b-f75585b08882}</UniqueIdentifier>
    </Filter>
    <Filter Include="Resources\Objects">
      <UniqueIdentifier>{be24f263-7e75-4bbb-a114-c8002b8ecf54}</UniqueIdentifier>
    </Filter>
    <Filter Include="Resources\Objects\GUI">
      <UniqueIdentifier>{189324d9-03bd-4714-9e0c-b61efdd465fd}</UniqueIdentifier>
    </Filter>
    <Filter Include="Resources\Objects\Shapes">
      <UniqueIdentifier>{0f9fef9e-8fb8-4866-be20-c17e00cedf02}</UniqueIdentifier>
    </Filter>
    <Filter Include="DX">
      <UniqueIdentifier>f37b1ea4-7737-4e3c-82a1-acfc693b9433</UniqueIdentifier>
    </Filter>
  </ItemGroup>
  <ItemGroup>
    <ApplicationDefinition Include="App.xaml" />
  </ItemGroup>
  <ItemGroup>
    <ClCompile Include="Kuplung_DXMain.cpp" />
    <ClCompile Include="pch.cpp" />
    <ClCompile Include="Utilities\CXXUtils.cpp">
      <Filter>Utilities</Filter>
    </ClCompile>
    <ClCompile Include="Sample\Sample3DSceneRenderer.cpp">
      <Filter>Sample</Filter>
    </ClCompile>
    <ClCompile Include="Sample\SampleFpsTextRenderer.cpp">
      <Filter>Sample</Filter>
    </ClCompile>
    <ClCompile Include="Importers\FileModelManager.cpp">
      <Filter>Importers</Filter>
    </ClCompile>
    <ClCompile Include="Importers\ObjParser.cpp">
      <Filter>Importers</Filter>
    </ClCompile>
    <ClCompile Include="Importers\ParserUtils.cpp">
      <Filter>Importers</Filter>
    </ClCompile>
    <ClCompile Include="Rendering\RenderingManager.cpp">
      <Filter>Rendering</Filter>
    </ClCompile>
    <ClCompile Include="Rendering\RenderingSimple.cpp">
      <Filter>Rendering</Filter>
    </ClCompile>
    <ClCompile Include="Models\Shape.cpp">
      <Filter>Models</Filter>
    </ClCompile>
    <ClCompile Include="Rendering\Models\Model3D.cpp">
      <Filter>Rendering\Models</Filter>
    </ClCompile>
    <ClCompile Include="Models\GUI\Grid.cpp">
      <Filter>Models\GUI</Filter>
    </ClCompile>
    <ClCompile Include="Models\Camera.cpp">
      <Filter>Models</Filter>
    </ClCompile>
    <ClCompile Include="Rendering\ObjectsManager.cpp">
      <Filter>Rendering</Filter>
    </ClCompile>
    <ClCompile Include="Models\GuiObject.cpp">
      <Filter>Models</Filter>
    </ClCompile>
    <ClCompile Include="DX\DeviceResources.cpp">
      <Filter>DX</Filter>
    </ClCompile>
  </ItemGroup>
  <ItemGroup>
    <ClInclude Include="Kuplung_DXMain.h" />
    <ClInclude Include="pch.h" />
    <ClInclude Include="Utilities\CXXUtils.h">
      <Filter>Utilities</Filter>
    </ClInclude>
    <ClInclude Include="Sample\ShaderStructures.h">
      <Filter>Sample</Filter>
    </ClInclude>
    <ClInclude Include="Sample\Sample3DSceneRenderer.h">
      <Filter>Sample</Filter>
    </ClInclude>
    <ClInclude Include="Sample\SampleFpsTextRenderer.h">
      <Filter>Sample</Filter>
    </ClInclude>
    <ClInclude Include="Models\ModelObject.h">
      <Filter>Models</Filter>
    </ClInclude>
    <ClInclude Include="Importers\FileModelManager.h">
      <Filter>Importers</Filter>
    </ClInclude>
    <ClInclude Include="Importers\ObjParser.h">
      <Filter>Importers</Filter>
    </ClInclude>
    <ClInclude Include="Importers\ParserUtils.h">
      <Filter>Importers</Filter>
    </ClInclude>
    <ClInclude Include="Rendering\RenderingManager.h">
      <Filter>Rendering</Filter>
    </ClInclude>
    <ClInclude Include="Rendering\RenderingSimple.h">
      <Filter>Rendering</Filter>
    </ClInclude>
    <ClInclude Include="Rendering\ShaderStructures.h">
      <Filter>Rendering</Filter>
    </ClInclude>
    <ClInclude Include="Models\Shape.h">
      <Filter>Models</Filter>
    </ClInclude>
    <ClInclude Include="Rendering\Models\Model3D.h">
      <Filter>Rendering\Models</Filter>
    </ClInclude>
    <ClInclude Include="Models\GUI\Grid.h">
      <Filter>Models\GUI</Filter>
    </ClInclude>
    <ClInclude Include="Types\Types.h">
      <Filter>Types</Filter>
    </ClInclude>
    <ClInclude Include="Models\Camera.h">
      <Filter>Models</Filter>
    </ClInclude>
    <ClInclude Include="Rendering\ObjectsManager.h">
      <Filter>Rendering</Filter>
    </ClInclude>
    <ClInclude Include="Models\ShaderStructures.h">
      <Filter>Models</Filter>
    </ClInclude>
    <ClInclude Include="Models\GuiObject.h">
      <Filter>Models</Filter>
    </ClInclude>
    <ClInclude Include="DX\DirectXHelper.h">
      <Filter>DX</Filter>
    </ClInclude>
    <ClInclude Include="DX\StepTimer.h">
      <Filter>DX</Filter>
    </ClInclude>
    <ClInclude Include="DX\DeviceResources.h">
      <Filter>DX</Filter>
    </ClInclude>
  </ItemGroup>
  <ItemGroup>
    <AppxManifest Include="Package.appxmanifest" />
  </ItemGroup>
  <ItemGroup>
    <Page Include="DirectXPage.xaml" />
  </ItemGroup>
  <ItemGroup>
    <None Include="LICENSE.md" />
    <None Include="README.md" />
    <None Include=".gitignore" />
    <None Include="packages.config" />
    <None Include="Resources\Objects\GUI\x_minus.mtl">
      <Filter>Resources\Objects\GUI</Filter>
    </None>
    <None Include="Resources\Objects\GUI\x_plus.mtl">
      <Filter>Resources\Objects\GUI</Filter>
    </None>
    <None Include="Resources\Objects\GUI\y_minus.mtl">
      <Filter>Resources\Objects\GUI</Filter>
    </None>
    <None Include="Resources\Objects\GUI\y_plus.mtl">
      <Filter>Resources\Objects\GUI</Filter>
    </None>
    <None Include="Resources\Objects\GUI\z_minus.mtl">
      <Filter>Resources\Objects\GUI</Filter>
    </None>
    <None Include="Resources\Objects\GUI\z_plus.mtl">
      <Filter>Resources\Objects\GUI</Filter>
    </None>
    <None Include="Resources\Objects\GUI\camera.mtl">
      <Filter>Resources\Objects\GUI</Filter>
    </None>
    <None Include="Resources\Objects\GUI\light_directional.mtl">
      <Filter>Resources\Objects\GUI</Filter>
    </None>
    <None Include="Resources\Objects\GUI\light_point.mtl">
      <Filter>Resources\Objects\GUI</Filter>
    </None>
    <None Include="Resources\Objects\GUI\light_spot.mtl">
      <Filter>Resources\Objects\GUI</Filter>
    </None>
    <None Include="Resources\Objects\Shapes\grid.mtl">
      <Filter>Resources\Objects\Shapes</Filter>
    </None>
    <None Include="Resources\Objects\Shapes\ico_sphere.mtl">
      <Filter>Resources\Objects\Shapes</Filter>
    </None>
    <None Include="Resources\Objects\Shapes\MaterialBall.mtl">
      <Filter>Resources\Objects\Shapes</Filter>
    </None>
    <None Include="Resources\Objects\Shapes\MaterialBallBlender.mtl">
      <Filter>Resources\Objects\Shapes</Filter>
    </None>
    <None Include="Resources\Objects\Shapes\monkey_head.mtl">
      <Filter>Resources\Objects\Shapes</Filter>
    </None>
    <None Include="Resources\Objects\Shapes\plane.mtl">
      <Filter>Resources\Objects\Shapes</Filter>
    </None>
    <None Include="Resources\Objects\Shapes\plane_objects.mtl">
      <Filter>Resources\Objects\Shapes</Filter>
    </None>
    <None Include="Resources\Objects\Shapes\plane_objects_large.mtl">
      <Filter>Resources\Objects\Shapes</Filter>
    </None>
    <None Include="Resources\Objects\Shapes\torus.mtl">
      <Filter>Resources\Objects\Shapes</Filter>
    </None>
    <None Include="Resources\Objects\Shapes\triangle.mtl">
      <Filter>Resources\Objects\Shapes</Filter>
    </None>
    <None Include="Resources\Objects\Shapes\tube.mtl">
      <Filter>Resources\Objects\Shapes</Filter>
    </None>
    <None Include="Resources\Objects\Shapes\uv_sphere.mtl">
      <Filter>Resources\Objects\Shapes</Filter>
    </None>
    <None Include="Resources\Objects\Shapes\brick_wall.mtl">
      <Filter>Resources\Objects\Shapes</Filter>
    </None>
    <None Include="Resources\Objects\Shapes\cone.mtl">
      <Filter>Resources\Objects\Shapes</Filter>
    </None>
    <None Include="Resources\Objects\Shapes\cube.mtl">
      <Filter>Resources\Objects\Shapes</Filter>
    </None>
    <None Include="Resources\Objects\Shapes\cylinder.mtl">
      <Filter>Resources\Objects\Shapes</Filter>
    </None>
    <None Include="Resources\Objects\Shapes\epcot.mtl">
      <Filter>Resources\Objects\Shapes</Filter>
    </None>
    <None Include="Resources\Objects\GUI\camera.obj">
      <Filter>Resources\Objects\GUI</Filter>
    </None>
    <None Include="Resources\Objects\GUI\light_directional.obj">
      <Filter>Resources\Objects\GUI</Filter>
    </None>
    <None Include="Resources\Objects\GUI\light_point.obj">
      <Filter>Resources\Objects\GUI</Filter>
    </None>
    <None Include="Resources\Objects\GUI\light_spot.obj">
      <Filter>Resources\Objects\GUI</Filter>
    </None>
    <None Include="Resources\Objects\GUI\x_minus.obj">
      <Filter>Resources\Objects\GUI</Filter>
    </None>
    <None Include="Resources\Objects\GUI\x_plus.obj">
      <Filter>Resources\Objects\GUI</Filter>
    </None>
    <None Include="Resources\Objects\GUI\y_minus.obj">
      <Filter>Resources\Objects\GUI</Filter>
    </None>
    <None Include="Resources\Objects\GUI\y_plus.obj">
      <Filter>Resources\Objects\GUI</Filter>
    </None>
    <None Include="Resources\Objects\GUI\z_minus.obj">
      <Filter>Resources\Objects\GUI</Filter>
    </None>
    <None Include="Resources\Objects\GUI\z_plus.obj">
      <Filter>Resources\Objects\GUI</Filter>
    </None>
    <None Include="Resources\Objects\Shapes\brick_wall.obj">
      <Filter>Resources\Objects\Shapes</Filter>
    </None>
    <None Include="Resources\Objects\Shapes\cone.obj">
      <Filter>Resources\Objects\Shapes</Filter>
    </None>
    <None Include="Resources\Objects\Shapes\cube.obj">
      <Filter>Resources\Objects\Shapes</Filter>
    </None>
    <None Include="Resources\Objects\Shapes\cylinder.obj">
      <Filter>Resources\Objects\Shapes</Filter>
    </None>
    <None Include="Resources\Objects\Shapes\epcot.obj">
      <Filter>Resources\Objects\Shapes</Filter>
    </None>
    <None Include="Resources\Objects\Shapes\grid.obj">
      <Filter>Resources\Objects\Shapes</Filter>
    </None>
    <None Include="Resources\Objects\Shapes\ico_sphere.obj">
      <Filter>Resources\Objects\Shapes</Filter>
    </None>
    <None Include="Resources\Objects\Shapes\MaterialBall.obj">
      <Filter>Resources\Objects\Shapes</Filter>
    </None>
    <None Include="Resources\Objects\Shapes\MaterialBallBlender.obj">
      <Filter>Resources\Objects\Shapes</Filter>
    </None>
    <None Include="Resources\Objects\Shapes\monkey_head.obj">
      <Filter>Resources\Objects\Shapes</Filter>
    </None>
    <None Include="Resources\Objects\Shapes\plane.obj">
      <Filter>Resources\Objects\Shapes</Filter>
    </None>
    <None Include="Resources\Objects\Shapes\plane_objects.obj">
      <Filter>Resources\Objects\Shapes</Filter>
    </None>
    <None Include="Resources\Objects\Shapes\plane_objects_large.obj">
      <Filter>Resources\Objects\Shapes</Filter>
    </None>
    <None Include="Resources\Objects\Shapes\torus.obj">
      <Filter>Resources\Objects\Shapes</Filter>
    </None>
    <None Include="Resources\Objects\Shapes\triangle.obj">
      <Filter>Resources\Objects\Shapes</Filter>
    </None>
    <None Include="Resources\Objects\Shapes\tube.obj">
      <Filter>Resources\Objects\Shapes</Filter>
    </None>
    <None Include="Resources\Objects\Shapes\uv_sphere.obj">
      <Filter>Resources\Objects\Shapes</Filter>
    </None>
  </ItemGroup>
  <ItemGroup>
    <Image Include="Assets\kuplung-1024.png">
      <Filter>Assets</Filter>
    </Image>
    <Image Include="Assets\SmallTile.scale-100.png">
      <Filter>Assets</Filter>
    </Image>
    <Image Include="Assets\SmallTile.scale-125.png">
      <Filter>Assets</Filter>
    </Image>
    <Image Include="Assets\SmallTile.scale-150.png">
      <Filter>Assets</Filter>
    </Image>
    <Image Include="Assets\SmallTile.scale-200.png">
      <Filter>Assets</Filter>
    </Image>
    <Image Include="Assets\SmallTile.scale-400.png">
      <Filter>Assets</Filter>
    </Image>
    <Image Include="Assets\Square150x150Logo.scale-100.png">
      <Filter>Assets</Filter>
    </Image>
    <Image Include="Assets\Square150x150Logo.scale-125.png">
      <Filter>Assets</Filter>
    </Image>
    <Image Include="Assets\Square150x150Logo.scale-150.png">
      <Filter>Assets</Filter>
    </Image>
    <Image Include="Assets\Square150x150Logo.scale-200.png">
      <Filter>Assets</Filter>
    </Image>
    <Image Include="Assets\Square150x150Logo.scale-400.png">
      <Filter>Assets</Filter>
    </Image>
    <Image Include="Assets\Wide310x150Logo.scale-100.png">
      <Filter>Assets</Filter>
    </Image>
    <Image Include="Assets\Wide310x150Logo.scale-125.png">
      <Filter>Assets</Filter>
    </Image>
    <Image Include="Assets\Wide310x150Logo.scale-150.png">
      <Filter>Assets</Filter>
    </Image>
    <Image Include="Assets\Wide310x150Logo.scale-200.png">
      <Filter>Assets</Filter>
    </Image>
    <Image Include="Assets\Wide310x150Logo.scale-400.png">
      <Filter>Assets</Filter>
    </Image>
    <Image Include="Assets\LargeTile.scale-100.png">
      <Filter>Assets</Filter>
    </Image>
    <Image Include="Assets\LargeTile.scale-125.png">
      <Filter>Assets</Filter>
    </Image>
    <Image Include="Assets\LargeTile.scale-150.png">
      <Filter>Assets</Filter>
    </Image>
    <Image Include="Assets\LargeTile.scale-200.png">
      <Filter>Assets</Filter>
    </Image>
    <Image Include="Assets\LargeTile.scale-400.png">
      <Filter>Assets</Filter>
    </Image>
    <Image Include="Assets\Square44x44Logo.scale-100.png">
      <Filter>Assets</Filter>
    </Image>
    <Image Include="Assets\Square44x44Logo.scale-125.png">
      <Filter>Assets</Filter>
    </Image>
    <Image Include="Assets\Square44x44Logo.scale-150.png">
      <Filter>Assets</Filter>
    </Image>
    <Image Include="Assets\Square44x44Logo.scale-200.png">
      <Filter>Assets</Filter>
    </Image>
    <Image Include="Assets\Square44x44Logo.scale-400.png">
      <Filter>Assets</Filter>
    </Image>
    <Image Include="Assets\Square44x44Logo.targetsize-16.png">
      <Filter>Assets</Filter>
    </Image>
    <Image Include="Assets\Square44x44Logo.targetsize-24.png">
      <Filter>Assets</Filter>
    </Image>
    <Image Include="Assets\Square44x44Logo.targetsize-32.png">
      <Filter>Assets</Filter>
    </Image>
    <Image Include="Assets\Square44x44Logo.targetsize-48.png">
      <Filter>Assets</Filter>
    </Image>
    <Image Include="Assets\Square44x44Logo.targetsize-256.png">
      <Filter>Assets</Filter>
    </Image>
    <Image Include="Assets\Square44x44Logo.altform-unplated_targetsize-16.png">
      <Filter>Assets</Filter>
    </Image>
    <Image Include="Assets\Square44x44Logo.altform-unplated_targetsize-24.png">
      <Filter>Assets</Filter>
    </Image>
    <Image Include="Assets\Square44x44Logo.altform-unplated_targetsize-32.png">
      <Filter>Assets</Filter>
    </Image>
    <Image Include="Assets\Square44x44Logo.altform-unplated_targetsize-48.png">
      <Filter>Assets</Filter>
    </Image>
    <Image Include="Assets\Square44x44Logo.altform-unplated_targetsize-256.png">
      <Filter>Assets</Filter>
    </Image>
    <Image Include="Assets\Square44x44Logo.altform-lightunplated_targetsize-16.png">
      <Filter>Assets</Filter>
    </Image>
    <Image Include="Assets\Square44x44Logo.altform-lightunplated_targetsize-24.png">
      <Filter>Assets</Filter>
    </Image>
    <Image Include="Assets\Square44x44Logo.altform-lightunplated_targetsize-32.png">
      <Filter>Assets</Filter>
    </Image>
    <Image Include="Assets\Square44x44Logo.altform-lightunplated_targetsize-48.png">
      <Filter>Assets</Filter>
    </Image>
    <Image Include="Assets\Square44x44Logo.altform-lightunplated_targetsize-256.png">
      <Filter>Assets</Filter>
    </Image>
    <Image Include="Assets\SplashScreen.scale-100.png">
      <Filter>Assets</Filter>
    </Image>
    <Image Include="Assets\SplashScreen.scale-125.png">
      <Filter>Assets</Filter>
    </Image>
    <Image Include="Assets\SplashScreen.scale-150.png">
      <Filter>Assets</Filter>
    </Image>
    <Image Include="Assets\SplashScreen.scale-200.png">
      <Filter>Assets</Filter>
    </Image>
    <Image Include="Assets\SplashScreen.scale-400.png">
      <Filter>Assets</Filter>
    </Image>
    <Image Include="Assets\StoreLogo.scale-100.png">
      <Filter>Assets</Filter>
    </Image>
    <Image Include="Assets\StoreLogo.scale-125.png">
      <Filter>Assets</Filter>
    </Image>
    <Image Include="Assets\StoreLogo.scale-150.png">
      <Filter>Assets</Filter>
    </Image>
    <Image Include="Assets\StoreLogo.scale-200.png">
      <Filter>Assets</Filter>
    </Image>
    <Image Include="Assets\StoreLogo.scale-400.png">
      <Filter>Assets</Filter>
    </Image>
    <Image Include="Assets\BadgeLogo.scale-100.png">
      <Filter>Assets</Filter>
    </Image>
    <Image Include="Assets\BadgeLogo.scale-125.png">
      <Filter>Assets</Filter>
    </Image>
    <Image Include="Assets\BadgeLogo.scale-150.png">
      <Filter>Assets</Filter>
    </Image>
    <Image Include="Assets\BadgeLogo.scale-200.png">
      <Filter>Assets</Filter>
    </Image>
    <Image Include="Assets\BadgeLogo.scale-400.png">
      <Filter>Assets</Filter>
    </Image>
    <Image Include="Resources\Objects\Shapes\brick_wall_diffuse.png">
      <Filter>Resources\Objects\Shapes</Filter>
    </Image>
    <Image Include="Resources\Objects\Shapes\brick_wall_displacement.png">
      <Filter>Resources\Objects\Shapes</Filter>
    </Image>
    <Image Include="Resources\Objects\Shapes\brick_wall_normal.png">
      <Filter>Resources\Objects\Shapes</Filter>
    </Image>
    <Image Include="Resources\Objects\Shapes\brick_wall_occlusion.png">
      <Filter>Resources\Objects\Shapes</Filter>
    </Image>
    <Image Include="Resources\Objects\Shapes\brick_wall_spec.png">
      <Filter>Resources\Objects\Shapes</Filter>
    </Image>
  </ItemGroup>
  <ItemGroup>
    <FxCompile Include="Sample\SamplePixelShader.hlsl">
      <Filter>Sample</Filter>
    </FxCompile>
    <FxCompile Include="Sample\SampleVertexShader.hlsl">
      <Filter>Sample</Filter>
    </FxCompile>
    <FxCompile Include="Rendering\Shaders\RenderingSimpleVertexShader.hlsl">
      <Filter>Rendering\Shaders</Filter>
    </FxCompile>
    <FxCompile Include="Rendering\Shaders\RenderingSimplePixelShader.hlsl">
      <Filter>Rendering\Shaders</Filter>
    </FxCompile>
    <FxCompile Include="Models\Shaders\GridVertexShader.hlsl">
      <Filter>Models\Shaders</Filter>
    </FxCompile>
    <FxCompile Include="Models\Shaders\GridPixelShader.hlsl">
      <Filter>Models\Shaders</Filter>
    </FxCompile>
  </ItemGroup>
</Project>